
Microsoft Visual Studio Solution File, Format Version 12.00
# Visual Studio 15
VisualStudioVersion = 15.0.28307.645
MinimumVisualStudioVersion = 10.0.40219.1
Project("{8BC9CEB8-8B4A-11D0-8D11-00A0C91BC942}") = "MbrLock", "MbrLock.vcxproj", "{4794BEC4-3508-4142-B2E7-7625CE3A02D3}"
EndProject
Global
	GlobalSection(SolutionConfigurationPlatforms) = preSolution
		Debug|Win32 = Debug|Win32
		Release|Win32 = Release|Win32
	EndGlobalSection
	GlobalSection(ProjectConfigurationPlatforms) = postSolution
		{4794BEC4-3508-4142-B2E7-7625CE3A02D3}.Debug|Win32.ActiveCfg = Debug|Win32
		{4794BEC4-3508-4142-B2E7-7625CE3A02D3}.Debug|Win32.Build.0 = Debug|Win32
		{4794BEC4-3508-4142-B2E7-7625CE3A02D3}.Release|Win32.ActiveCfg = Release|Win32
		{4794BEC4-3508-4142-B2E7-7625CE3A02D3}.Release|Win32.Build.0 = Release|Win32
	EndGlobalSection
	GlobalSection(SolutionProperties) = preSolution
		HideSolutionNode = FALSE
	EndGlobalSection
	GlobalSection(ExtensibilityGlobals) = postSolution
		SolutionGuid = {D6BDD8C2-B298-4EE6-B21A-43958C16CB79}
	EndGlobalSection
EndGlobal
